
Microsoft Visual Studio Solution File, Format Version 12.00
# Visual Studio 15
VisualStudioVersion = 15.0.27703.2000
MinimumVisualStudioVersion = 10.0.40219.1
Project("{8BC9CEB8-8B4A-11D0-8D11-00A0C91BC942}") = "tests", "tests.vcxproj", "{F276469E-9751-4572-B988-E3130637E885}"
EndProject
Project("{8BC9CEB8-8B4A-11D0-8D11-00A0C91BC942}") = "HydraAPI", "..\HydraAPI\hydra_api\HydraNewAPI1.vcxproj", "{C05FF9EA-3D61-48B7-ABEA-4353253691DC}"
EndProject
Project("{8BC9CEB8-8B4A-11D0-8D11-00A0C91BC942}") = "clew", "..\HydraAPI\utils\clew\clew.vcxproj", "{5F13E40F-C0F1-4EF4-A775-AB8BC703DE88}"
EndProject
Project("{8BC9CEB8-8B4A-11D0-8D11-00A0C91BC942}") = "corto", "..\HydraAPI\utils\corto\corto.vcxproj", "{43666DCA-D7FF-411F-823F-D04CFC49669C}"
EndProject
Project("{8BC9CEB8-8B4A-11D0-8D11-00A0C91BC942}") = "ies_parser", "..\HydraAPI\utils\ies_parser\ies_parser.vcxproj", "{1D53B494-4B7E-464B-82A1-A2052240F6EF}"
EndProject
Project("{8BC9CEB8-8B4A-11D0-8D11-00A0C91BC942}") = "mikktspace", "..\HydraAPI\utils\mikktspace\mikktspace.vcxproj", "{7844C04D-F5D4-4C90-B080-6744A10C3332}"
EndProject
Global
	GlobalSection(SolutionConfigurationPlatforms) = preSolution
		Debug|x64 = Debug|x64
		Debug|x86 = Debug|x86
		Release|x64 = Release|x64
		Release|x86 = Release|x86
	EndGlobalSection
	GlobalSection(ProjectConfigurationPlatforms) = postSolution
		{F276469E-9751-4572-B988-E3130637E885}.Debug|x64.ActiveCfg = Debug|x64
		{F276469E-9751-4572-B988-E3130637E885}.Debug|x64.Build.0 = Debug|x64
		{F276469E-9751-4572-B988-E3130637E885}.Debug|x86.ActiveCfg = Debug|Win32
		{F276469E-9751-4572-B988-E3130637E885}.Debug|x86.Build.0 = Debug|Win32
		{F276469E-9751-4572-B988-E3130637E885}.Release|x64.ActiveCfg = Release|x64
		{F276469E-9751-4572-B988-E3130637E885}.Release|x64.Build.0 = Release|x64
		{F276469E-9751-4572-B988-E3130637E885}.Release|x86.ActiveCfg = Release|Win32
		{F276469E-9751-4572-B988-E3130637E885}.Release|x86.Build.0 = Release|Win32
		{C05FF9EA-3D61-48B7-ABEA-4353253691DC}.Debug|x64.ActiveCfg = Debug|x64
		{C05FF9EA-3D61-48B7-ABEA-4353253691DC}.Debug|x64.Build.0 = Debug|x64
		{C05FF9EA-3D61-48B7-ABEA-4353253691DC}.Debug|x86.ActiveCfg = Debug|x64
		{C05FF9EA-3D61-48B7-ABEA-4353253691DC}.Release|x64.ActiveCfg = Release|x64
		{C05FF9EA-3D61-48B7-ABEA-4353253691DC}.Release|x64.Build.0 = Release|x64
		{C05FF9EA-3D61-48B7-ABEA-4353253691DC}.Release|x86.ActiveCfg = Release|x64
		{5F13E40F-C0F1-4EF4-A775-AB8BC703DE88}.Debug|x64.ActiveCfg = Debug|x64
		{5F13E40F-C0F1-4EF4-A775-AB8BC703DE88}.Debug|x64.Build.0 = Debug|x64
		{5F13E40F-C0F1-4EF4-A775-AB8BC703DE88}.Debug|x86.ActiveCfg = Debug|Win32
		{5F13E40F-C0F1-4EF4-A775-AB8BC703DE88}.Debug|x86.Build.0 = Debug|Win32
		{5F13E40F-C0F1-4EF4-A775-AB8BC703DE88}.Release|x64.ActiveCfg = Release|x64
		{5F13E40F-C0F1-4EF4-A775-AB8BC703DE88}.Release|x64.Build.0 = Release|x64
		{5F13E40F-C0F1-4EF4-A775-AB8BC703DE88}.Release|x86.ActiveCfg = Release|Win32
		{5F13E40F-C0F1-4EF4-A775-AB8BC703DE88}.Release|x86.Build.0 = Release|Win32
		{43666DCA-D7FF-411F-823F-D04CFC49669C}.Debug|x64.ActiveCfg = Debug|x64
		{43666DCA-D7FF-411F-823F-D04CFC49669C}.Debug|x64.Build.0 = Debug|x64
		{43666DCA-D7FF-411F-823F-D04CFC49669C}.Debug|x86.ActiveCfg = Debug|Win32
		{43666DCA-D7FF-411F-823F-D04CFC49669C}.Debug|x86.Build.0 = Debug|Win32
		{43666DCA-D7FF-411F-823F-D04CFC49669C}.Release|x64.ActiveCfg = Release|x64
		{43666DCA-D7FF-411F-823F-D04CFC49669C}.Release|x64.Build.0 = Release|x64
		{43666DCA-D7FF-411F-823F-D04CFC49669C}.Release|x86.ActiveCfg = Release|Win32
		{43666DCA-D7FF-411F-823F-D04CFC49669C}.Release|x86.Build.0 = Release|Win32
		{1D53B494-4B7E-464B-82A1-A2052240F6EF}.Debug|x64.ActiveCfg = Debug|x64
		{1D53B494-4B7E-464B-82A1-A2052240F6EF}.Debug|x64.Build.0 = Debug|x64
		{1D53B494-4B7E-464B-82A1-A2052240F6EF}.Debug|x86.ActiveCfg = Debug|Win32
		{1D53B494-4B7E-464B-82A1-A2052240F6EF}.Debug|x86.Build.0 = Debug|Win32
		{1D53B494-4B7E-464B-82A1-A2052240F6EF}.Release|x64.ActiveCfg = Release|x64
		{1D53B494-4B7E-464B-82A1-A2052240F6EF}.Release|x64.Build.0 = Release|x64
		{1D53B494-4B7E-464B-82A1-A2052240F6EF}.Release|x86.ActiveCfg = Release|Win32
		{1D53B494-4B7E-464B-82A1-A2052240F6EF}.Release|x86.Build.0 = Release|Win32
		{7844C04D-F5D4-4C90-B080-6744A10C3332}.Debug|x64.ActiveCfg = Debug|x64
		{7844C04D-F5D4-4C90-B080-6744A10C3332}.Debug|x64.Build.0 = Debug|x64
		{7844C04D-F5D4-4C90-B080-6744A10C3332}.Debug|x86.ActiveCfg = Debug|Win32
		{7844C04D-F5D4-4C90-B080-6744A10C3332}.Debug|x86.Build.0 = Debug|Win32
		{7844C04D-F5D4-4C90-B080-6744A10C3332}.Release|x64.ActiveCfg = Release|x64
		{7844C04D-F5D4-4C90-B080-6744A10C3332}.Release|x64.Build.0 = Release|x64
		{7844C04D-F5D4-4C90-B080-6744A10C3332}.Release|x86.ActiveCfg = Release|Win32
		{7844C04D-F5D4-4C90-B080-6744A10C3332}.Release|x86.Build.0 = Release|Win32
	EndGlobalSection
	GlobalSection(SolutionProperties) = preSolution
		HideSolutionNode = FALSE
	EndGlobalSection
	GlobalSection(ExtensibilityGlobals) = postSolution
		SolutionGuid = {AE5FEC2C-4507-4C24-BC87-42F11695D6D2}
	EndGlobalSection
EndGlobal
